
Microsoft Visual Studio Solution File, Format Version 12.00
# Visual Studio 2012
Project("{FAE04EC0-301F-11D3-BF4B-00C04F79EFBC}") = "Opin.service", "Opin.service\Opin.service.csproj", "{3AA31E41-83AE-46F1-B7F7-59897D9C45A2}"
EndProject
Project("{FAE04EC0-301F-11D3-BF4B-00C04F79EFBC}") = "Opin.core", "Opin.core\Opin.core.csproj", "{6FB78965-6898-4240-AEA1-CC231BC32AA0}"
EndProject
Project("{FAE04EC0-301F-11D3-BF4B-00C04F79EFBC}") = "Opin.web", "Opin.web\Opin.web.csproj", "{4FB4E7C5-0FBB-4B9D-891D-6093F07EF3B5}"
EndProject
Project("{FAE04EC0-301F-11D3-BF4B-00C04F79EFBC}") = "Opin.common", "Opin.common\Opin.common.csproj", "{CC17E3A4-B994-4CBF-8244-E1B2D4EFE021}"
EndProject
Global
	GlobalSection(SolutionConfigurationPlatforms) = preSolution
		Debug|Any CPU = Debug|Any CPU
		Release|Any CPU = Release|Any CPU
	EndGlobalSection
	GlobalSection(ProjectConfigurationPlatforms) = postSolution
		{3AA31E41-83AE-46F1-B7F7-59897D9C45A2}.Debug|Any CPU.ActiveCfg = Debug|Any CPU
		{3AA31E41-83AE-46F1-B7F7-59897D9C45A2}.Debug|Any CPU.Build.0 = Debug|Any CPU
		{3AA31E41-83AE-46F1-B7F7-59897D9C45A2}.Release|Any CPU.ActiveCfg = Release|Any CPU
		{3AA31E41-83AE-46F1-B7F7-59897D9C45A2}.Release|Any CPU.Build.0 = Release|Any CPU
		{6FB78965-6898-4240-AEA1-CC231BC32AA0}.Debug|Any CPU.ActiveCfg = Debug|Any CPU
		{6FB78965-6898-4240-AEA1-CC231BC32AA0}.Debug|Any CPU.Build.0 = Debug|Any CPU
		{6FB78965-6898-4240-AEA1-CC231BC32AA0}.Release|Any CPU.ActiveCfg = Release|Any CPU
		{6FB78965-6898-4240-AEA1-CC231BC32AA0}.Release|Any CPU.Build.0 = Release|Any CPU
		{4FB4E7C5-0FBB-4B9D-891D-6093F07EF3B5}.Debug|Any CPU.ActiveCfg = Debug|Any CPU
		{4FB4E7C5-0FBB-4B9D-891D-6093F07EF3B5}.Debug|Any CPU.Build.0 = Debug|Any CPU
		{4FB4E7C5-0FBB-4B9D-891D-6093F07EF3B5}.Release|Any CPU.ActiveCfg = Release|Any CPU
		{4FB4E7C5-0FBB-4B9D-891D-6093F07EF3B5}.Release|Any CPU.Build.0 = Release|Any CPU
		{CC17E3A4-B994-4CBF-8244-E1B2D4EFE021}.Debug|Any CPU.ActiveCfg = Debug|Any CPU
		{CC17E3A4-B994-4CBF-8244-E1B2D4EFE021}.Debug|Any CPU.Build.0 = Debug|Any CPU
		{CC17E3A4-B994-4CBF-8244-E1B2D4EFE021}.Release|Any CPU.ActiveCfg = Release|Any CPU
		{CC17E3A4-B994-4CBF-8244-E1B2D4EFE021}.Release|Any CPU.Build.0 = Release|Any CPU
	EndGlobalSection
	GlobalSection(SolutionProperties) = preSolution
		HideSolutionNode = FALSE
	EndGlobalSection
EndGlobal
